
Microsoft Visual Studio Solution File, Format Version 12.00
# Visual Studio Version 17
VisualStudioVersion = 17.12.35707.178
MinimumVisualStudioVersion = 10.0.40219.1
Project("{2150E333-8FDC-42A3-9474-1A3956D46DE8}") = "documents", "documents", "{79713041-AD07-4DD8-BC9E-14BAC5C75321}"
EndProject
Project("{2150E333-8FDC-42A3-9474-1A3956D46DE8}") = "src", "src", "{F0161B10-224E-49BC-9D57-B4E04E111B7F}"
EndProject
Project("{2150E333-8FDC-42A3-9474-1A3956D46DE8}") = "tests", "tests", "{578C9C87-2B43-468C-A842-460DCDECD660}"
EndProject
Project("{2150E333-8FDC-42A3-9474-1A3956D46DE8}") = "identity", "identity", "{B189A3D5-3E14-4BAB-8B04-28D570DDD4F4}"
EndProject
Project("{2150E333-8FDC-42A3-9474-1A3956D46DE8}") = "BeauProject.Identity.Application", "BeauProject.Identity.Application", "{50E91A0C-B240-4C11-A199-52DB689486DF}"
EndProject
Project("{2150E333-8FDC-42A3-9474-1A3956D46DE8}") = "BeauProject.Identity.Domain", "BeauProject.Identity.Domain", "{24C3C539-7E7A-482C-A987-CF39327A8742}"
EndProject
Project("{2150E333-8FDC-42A3-9474-1A3956D46DE8}") = "BeauProject.Identity.Data", "BeauProject.Identity.Data", "{C3456ABE-D4B3-4782-9C4A-408898E88E33}"
EndProject
Project("{2150E333-8FDC-42A3-9474-1A3956D46DE8}") = "BeauProject.Identity.IoC", "BeauProject.Identity.IoC", "{84C25D21-2F13-414F-A4B6-DB727E9CB5DB}"
EndProject
Project("{2150E333-8FDC-42A3-9474-1A3956D46DE8}") = "BeauProject.Identity.Presentation", "BeauProject.Identity.Presentation", "{AB1BB696-6699-407D-8953-F67C6A5E4F6B}"
EndProject
Project("{2150E333-8FDC-42A3-9474-1A3956D46DE8}") = "shared", "shared", "{9D2EB731-14E6-4DC2-B5B0-5D5C22A6ABB3}"
EndProject
Project("{FAE04EC0-301F-11D3-BF4B-00C04F79EFBC}") = "BeauProject.Shared", "BeauProject.Shared\BeauProject.Shared.csproj", "{FE29DB5D-0B20-4B10-ADE5-69BA158281E4}"
EndProject
Project("{FAE04EC0-301F-11D3-BF4B-00C04F79EFBC}") = "BeauProject.Identity.Application", "BeauProject.Identity.Application\BeauProject.Identity.Application.csproj", "{64A631F1-0B3B-4709-9B5F-24CAFBE76C42}"
EndProject
Project("{FAE04EC0-301F-11D3-BF4B-00C04F79EFBC}") = "BeauProject.Identity.Data", "BeauProject.Identity.Data\BeauProject.Identity.Data.csproj", "{407C1F03-31D0-4746-A9C2-A0C610DAE7AA}"
EndProject
Project("{FAE04EC0-301F-11D3-BF4B-00C04F79EFBC}") = "BeauProject.Identity.Domain", "BeauProject.Identity.Domain\BeauProject.Identity.Domain.csproj", "{EA6EA007-D11A-4184-9294-4985175AF065}"
EndProject
Project("{2150E333-8FDC-42A3-9474-1A3956D46DE8}") = "identity", "identity", "{3CE97910-93C8-4C10-8B1B-FC5DC92E8AA8}"
EndProject
Project("{2150E333-8FDC-42A3-9474-1A3956D46DE8}") = "BeauProject.Identity.xUnit", "BeauProject.Identity.xUnit", "{39C12875-A42C-40DE-BD44-3804FE2D738B}"
EndProject
Project("{FAE04EC0-301F-11D3-BF4B-00C04F79EFBC}") = "BeauProject.Identity.API", "BeauProject.Identity.API\BeauProject.Identity.API.csproj", "{FF63FB66-59D2-41E9-82F3-59978ADFCA1C}"
EndProject
Project("{FAE04EC0-301F-11D3-BF4B-00C04F79EFBC}") = "BeauProject.Identity.IoC", "BeauProject.Identity.IoC\BeauProject.Identity.IoC.csproj", "{7C71FB2D-D16F-4A34-B79C-DD2268091E76}"
EndProject
Project("{FAE04EC0-301F-11D3-BF4B-00C04F79EFBC}") = "BeauComponents", "BeauComponents\BeauComponents\BeauComponents.csproj", "{04904FC1-9A3A-EB4F-EFB9-22FC8CBB3A03}"
EndProject
Project("{2150E333-8FDC-42A3-9474-1A3956D46DE8}") = "presentation", "presentation", "{02EA681E-C7D8-13C7-8484-4AC65E1B71E8}"
EndProject
Project("{FAE04EC0-301F-11D3-BF4B-00C04F79EFBC}") = "BeauProject.Presentation", "BeauProject.Presentation\BeauProject.Presentation\BeauProject.Presentation.csproj", "{9BEAFFF1-9601-4F74-BB9D-D834A325EE8F}"
EndProject
Project("{FAE04EC0-301F-11D3-BF4B-00C04F79EFBC}") = "BeauProject.Presentation.Shared", "BeauProject.Presentation\BeauProject.Presentation.Shared\BeauProject.Presentation.Shared.csproj", "{996EF692-9C0D-4E64-A5AA-F84D541A04A6}"
EndProject
Project("{FAE04EC0-301F-11D3-BF4B-00C04F79EFBC}") = "BeauProject.Presentation.Web", "BeauProject.Presentation\BeauProject.Presentation.Web\BeauProject.Presentation.Web.csproj", "{133A10D8-8F08-4CE7-8F50-CF63798B604E}"
EndProject
Project("{2150E333-8FDC-42A3-9474-1A3956D46DE8}") = "crm", "crm", "{2D4ECFF5-F97A-4C93-B741-398FD0A048FF}"
EndProject
Project("{2150E333-8FDC-42A3-9474-1A3956D46DE8}") = "BeauProject.CRM.Application", "BeauProject.CRM.Application", "{D56FAC35-2A10-49E2-A495-417DDA7B00D3}"
EndProject
Project("{2150E333-8FDC-42A3-9474-1A3956D46DE8}") = "BeauProject.CRM.Data", "BeauProject.CRM.Data", "{36D97513-E140-4491-98DB-BD047E701C98}"
EndProject
Project("{2150E333-8FDC-42A3-9474-1A3956D46DE8}") = "BeauProject.CRM.Domain", "BeauProject.CRM.Domain", "{D69A9034-FCCB-4ED8-9C85-7AE3FE3F731D}"
EndProject
Project("{2150E333-8FDC-42A3-9474-1A3956D46DE8}") = "BeauProject.CRM.IoC", "BeauProject.CRM.IoC", "{CF4AC606-C7D5-499F-90AF-8A5F81808304}"
EndProject
Project("{2150E333-8FDC-42A3-9474-1A3956D46DE8}") = "BeauProject.CRM.Presentation", "BeauProject.CRM.Presentation", "{D2554A6E-2AFB-41EF-AACF-22967055FA88}"
EndProject
Project("{FAE04EC0-301F-11D3-BF4B-00C04F79EFBC}") = "BeauProject.CRM.API", "BeauProject.CRM.API\BeauProject.CRM.API.csproj", "{1464444B-762B-4DE1-BD10-3BD611F646CE}"
EndProject
Project("{FAE04EC0-301F-11D3-BF4B-00C04F79EFBC}") = "BeauProject.CRM.Application", "BeauProject.CRM.Application\BeauProject.CRM.Application.csproj", "{C2A67335-EC77-4D2A-8061-97ECA04A9188}"
EndProject
Project("{FAE04EC0-301F-11D3-BF4B-00C04F79EFBC}") = "BeauProject.CRM.Data", "BeauProject.CRM.Data\BeauProject.CRM.Data.csproj", "{B01E38FF-E1C7-4123-9891-8F71CDF8EB7B}"
EndProject
Project("{FAE04EC0-301F-11D3-BF4B-00C04F79EFBC}") = "BeauProject.CRM.Domain", "BeauProject.CRM.Domain\BeauProject.CRM.Domain.csproj", "{2B0F3475-0D2D-41A8-8E0D-D3489820390E}"
EndProject
Project("{FAE04EC0-301F-11D3-BF4B-00C04F79EFBC}") = "BeauProject.CRM.IoC", "BeauProject.CRM.IoC\BeauProject.CRM.IoC.csproj", "{9021475D-FC29-4C6E-9E0E-BF89BB65535C}"
EndProject
Global
	GlobalSection(SolutionConfigurationPlatforms) = preSolution
		Debug|Any CPU = Debug|Any CPU
		Release|Any CPU = Release|Any CPU
	EndGlobalSection
	GlobalSection(ProjectConfigurationPlatforms) = postSolution
		{FE29DB5D-0B20-4B10-ADE5-69BA158281E4}.Debug|Any CPU.ActiveCfg = Debug|Any CPU
		{FE29DB5D-0B20-4B10-ADE5-69BA158281E4}.Debug|Any CPU.Build.0 = Debug|Any CPU
		{FE29DB5D-0B20-4B10-ADE5-69BA158281E4}.Release|Any CPU.ActiveCfg = Release|Any CPU
		{FE29DB5D-0B20-4B10-ADE5-69BA158281E4}.Release|Any CPU.Build.0 = Release|Any CPU
		{64A631F1-0B3B-4709-9B5F-24CAFBE76C42}.Debug|Any CPU.ActiveCfg = Debug|Any CPU
		{64A631F1-0B3B-4709-9B5F-24CAFBE76C42}.Debug|Any CPU.Build.0 = Debug|Any CPU
		{64A631F1-0B3B-4709-9B5F-24CAFBE76C42}.Release|Any CPU.ActiveCfg = Release|Any CPU
		{64A631F1-0B3B-4709-9B5F-24CAFBE76C42}.Release|Any CPU.Build.0 = Release|Any CPU
		{407C1F03-31D0-4746-A9C2-A0C610DAE7AA}.Debug|Any CPU.ActiveCfg = Debug|Any CPU
		{407C1F03-31D0-4746-A9C2-A0C610DAE7AA}.Debug|Any CPU.Build.0 = Debug|Any CPU
		{407C1F03-31D0-4746-A9C2-A0C610DAE7AA}.Release|Any CPU.ActiveCfg = Release|Any CPU
		{407C1F03-31D0-4746-A9C2-A0C610DAE7AA}.Release|Any CPU.Build.0 = Release|Any CPU
		{EA6EA007-D11A-4184-9294-4985175AF065}.Debug|Any CPU.ActiveCfg = Debug|Any CPU
		{EA6EA007-D11A-4184-9294-4985175AF065}.Debug|Any CPU.Build.0 = Debug|Any CPU
		{EA6EA007-D11A-4184-9294-4985175AF065}.Release|Any CPU.ActiveCfg = Release|Any CPU
		{EA6EA007-D11A-4184-9294-4985175AF065}.Release|Any CPU.Build.0 = Release|Any CPU
		{FF63FB66-59D2-41E9-82F3-59978ADFCA1C}.Debug|Any CPU.ActiveCfg = Debug|Any CPU
		{FF63FB66-59D2-41E9-82F3-59978ADFCA1C}.Debug|Any CPU.Build.0 = Debug|Any CPU
		{FF63FB66-59D2-41E9-82F3-59978ADFCA1C}.Release|Any CPU.ActiveCfg = Release|Any CPU
		{FF63FB66-59D2-41E9-82F3-59978ADFCA1C}.Release|Any CPU.Build.0 = Release|Any CPU
		{7C71FB2D-D16F-4A34-B79C-DD2268091E76}.Debug|Any CPU.ActiveCfg = Debug|Any CPU
		{7C71FB2D-D16F-4A34-B79C-DD2268091E76}.Debug|Any CPU.Build.0 = Debug|Any CPU
		{7C71FB2D-D16F-4A34-B79C-DD2268091E76}.Release|Any CPU.ActiveCfg = Release|Any CPU
		{7C71FB2D-D16F-4A34-B79C-DD2268091E76}.Release|Any CPU.Build.0 = Release|Any CPU
		{04904FC1-9A3A-EB4F-EFB9-22FC8CBB3A03}.Debug|Any CPU.ActiveCfg = Debug|Any CPU
		{04904FC1-9A3A-EB4F-EFB9-22FC8CBB3A03}.Debug|Any CPU.Build.0 = Debug|Any CPU
		{04904FC1-9A3A-EB4F-EFB9-22FC8CBB3A03}.Release|Any CPU.ActiveCfg = Release|Any CPU
		{04904FC1-9A3A-EB4F-EFB9-22FC8CBB3A03}.Release|Any CPU.Build.0 = Release|Any CPU
		{9BEAFFF1-9601-4F74-BB9D-D834A325EE8F}.Debug|Any CPU.ActiveCfg = Debug|Any CPU
		{9BEAFFF1-9601-4F74-BB9D-D834A325EE8F}.Debug|Any CPU.Build.0 = Debug|Any CPU
		{9BEAFFF1-9601-4F74-BB9D-D834A325EE8F}.Release|Any CPU.ActiveCfg = Release|Any CPU
		{9BEAFFF1-9601-4F74-BB9D-D834A325EE8F}.Release|Any CPU.Build.0 = Release|Any CPU
		{996EF692-9C0D-4E64-A5AA-F84D541A04A6}.Debug|Any CPU.ActiveCfg = Debug|Any CPU
		{996EF692-9C0D-4E64-A5AA-F84D541A04A6}.Debug|Any CPU.Build.0 = Debug|Any CPU
		{996EF692-9C0D-4E64-A5AA-F84D541A04A6}.Release|Any CPU.ActiveCfg = Release|Any CPU
		{996EF692-9C0D-4E64-A5AA-F84D541A04A6}.Release|Any CPU.Build.0 = Release|Any CPU
		{133A10D8-8F08-4CE7-8F50-CF63798B604E}.Debug|Any CPU.ActiveCfg = Debug|Any CPU
		{133A10D8-8F08-4CE7-8F50-CF63798B604E}.Debug|Any CPU.Build.0 = Debug|Any CPU
		{133A10D8-8F08-4CE7-8F50-CF63798B604E}.Release|Any CPU.ActiveCfg = Release|Any CPU
		{133A10D8-8F08-4CE7-8F50-CF63798B604E}.Release|Any CPU.Build.0 = Release|Any CPU
		{1464444B-762B-4DE1-BD10-3BD611F646CE}.Debug|Any CPU.ActiveCfg = Debug|Any CPU
		{1464444B-762B-4DE1-BD10-3BD611F646CE}.Debug|Any CPU.Build.0 = Debug|Any CPU
		{1464444B-762B-4DE1-BD10-3BD611F646CE}.Release|Any CPU.ActiveCfg = Release|Any CPU
		{1464444B-762B-4DE1-BD10-3BD611F646CE}.Release|Any CPU.Build.0 = Release|Any CPU
		{C2A67335-EC77-4D2A-8061-97ECA04A9188}.Debug|Any CPU.ActiveCfg = Debug|Any CPU
		{C2A67335-EC77-4D2A-8061-97ECA04A9188}.Debug|Any CPU.Build.0 = Debug|Any CPU
		{C2A67335-EC77-4D2A-8061-97ECA04A9188}.Release|Any CPU.ActiveCfg = Release|Any CPU
		{C2A67335-EC77-4D2A-8061-97ECA04A9188}.Release|Any CPU.Build.0 = Release|Any CPU
		{B01E38FF-E1C7-4123-9891-8F71CDF8EB7B}.Debug|Any CPU.ActiveCfg = Debug|Any CPU
		{B01E38FF-E1C7-4123-9891-8F71CDF8EB7B}.Debug|Any CPU.Build.0 = Debug|Any CPU
		{B01E38FF-E1C7-4123-9891-8F71CDF8EB7B}.Release|Any CPU.ActiveCfg = Release|Any CPU
		{B01E38FF-E1C7-4123-9891-8F71CDF8EB7B}.Release|Any CPU.Build.0 = Release|Any CPU
		{2B0F3475-0D2D-41A8-8E0D-D3489820390E}.Debug|Any CPU.ActiveCfg = Debug|Any CPU
		{2B0F3475-0D2D-41A8-8E0D-D3489820390E}.Debug|Any CPU.Build.0 = Debug|Any CPU
		{2B0F3475-0D2D-41A8-8E0D-D3489820390E}.Release|Any CPU.ActiveCfg = Release|Any CPU
		{2B0F3475-0D2D-41A8-8E0D-D3489820390E}.Release|Any CPU.Build.0 = Release|Any CPU
		{9021475D-FC29-4C6E-9E0E-BF89BB65535C}.Debug|Any CPU.ActiveCfg = Debug|Any CPU
		{9021475D-FC29-4C6E-9E0E-BF89BB65535C}.Debug|Any CPU.Build.0 = Debug|Any CPU
		{9021475D-FC29-4C6E-9E0E-BF89BB65535C}.Release|Any CPU.ActiveCfg = Release|Any CPU
		{9021475D-FC29-4C6E-9E0E-BF89BB65535C}.Release|Any CPU.Build.0 = Release|Any CPU
	EndGlobalSection
	GlobalSection(SolutionProperties) = preSolution
		HideSolutionNode = FALSE
	EndGlobalSection
	GlobalSection(NestedProjects) = preSolution
		{B189A3D5-3E14-4BAB-8B04-28D570DDD4F4} = {F0161B10-224E-49BC-9D57-B4E04E111B7F}
		{50E91A0C-B240-4C11-A199-52DB689486DF} = {B189A3D5-3E14-4BAB-8B04-28D570DDD4F4}
		{24C3C539-7E7A-482C-A987-CF39327A8742} = {B189A3D5-3E14-4BAB-8B04-28D570DDD4F4}
		{C3456ABE-D4B3-4782-9C4A-408898E88E33} = {B189A3D5-3E14-4BAB-8B04-28D570DDD4F4}
		{84C25D21-2F13-414F-A4B6-DB727E9CB5DB} = {B189A3D5-3E14-4BAB-8B04-28D570DDD4F4}
		{AB1BB696-6699-407D-8953-F67C6A5E4F6B} = {B189A3D5-3E14-4BAB-8B04-28D570DDD4F4}
		{9D2EB731-14E6-4DC2-B5B0-5D5C22A6ABB3} = {F0161B10-224E-49BC-9D57-B4E04E111B7F}
		{FE29DB5D-0B20-4B10-ADE5-69BA158281E4} = {9D2EB731-14E6-4DC2-B5B0-5D5C22A6ABB3}
		{64A631F1-0B3B-4709-9B5F-24CAFBE76C42} = {50E91A0C-B240-4C11-A199-52DB689486DF}
		{407C1F03-31D0-4746-A9C2-A0C610DAE7AA} = {C3456ABE-D4B3-4782-9C4A-408898E88E33}
		{EA6EA007-D11A-4184-9294-4985175AF065} = {24C3C539-7E7A-482C-A987-CF39327A8742}
		{3CE97910-93C8-4C10-8B1B-FC5DC92E8AA8} = {578C9C87-2B43-468C-A842-460DCDECD660}
		{39C12875-A42C-40DE-BD44-3804FE2D738B} = {3CE97910-93C8-4C10-8B1B-FC5DC92E8AA8}
		{FF63FB66-59D2-41E9-82F3-59978ADFCA1C} = {AB1BB696-6699-407D-8953-F67C6A5E4F6B}
		{7C71FB2D-D16F-4A34-B79C-DD2268091E76} = {84C25D21-2F13-414F-A4B6-DB727E9CB5DB}
		{04904FC1-9A3A-EB4F-EFB9-22FC8CBB3A03} = {9D2EB731-14E6-4DC2-B5B0-5D5C22A6ABB3}
		{02EA681E-C7D8-13C7-8484-4AC65E1B71E8} = {F0161B10-224E-49BC-9D57-B4E04E111B7F}
		{9BEAFFF1-9601-4F74-BB9D-D834A325EE8F} = {02EA681E-C7D8-13C7-8484-4AC65E1B71E8}
		{996EF692-9C0D-4E64-A5AA-F84D541A04A6} = {02EA681E-C7D8-13C7-8484-4AC65E1B71E8}
		{133A10D8-8F08-4CE7-8F50-CF63798B604E} = {02EA681E-C7D8-13C7-8484-4AC65E1B71E8}
		{2D4ECFF5-F97A-4C93-B741-398FD0A048FF} = {F0161B10-224E-49BC-9D57-B4E04E111B7F}
		{D56FAC35-2A10-49E2-A495-417DDA7B00D3} = {2D4ECFF5-F97A-4C93-B741-398FD0A048FF}
		{36D97513-E140-4491-98DB-BD047E701C98} = {2D4ECFF5-F97A-4C93-B741-398FD0A048FF}
		{D69A9034-FCCB-4ED8-9C85-7AE3FE3F731D} = {2D4ECFF5-F97A-4C93-B741-398FD0A048FF}
		{CF4AC606-C7D5-499F-90AF-8A5F81808304} = {2D4ECFF5-F97A-4C93-B741-398FD0A048FF}
		{D2554A6E-2AFB-41EF-AACF-22967055FA88} = {2D4ECFF5-F97A-4C93-B741-398FD0A048FF}
		{1464444B-762B-4DE1-BD10-3BD611F646CE} = {D2554A6E-2AFB-41EF-AACF-22967055FA88}
		{C2A67335-EC77-4D2A-8061-97ECA04A9188} = {D56FAC35-2A10-49E2-A495-417DDA7B00D3}
		{B01E38FF-E1C7-4123-9891-8F71CDF8EB7B} = {36D97513-E140-4491-98DB-BD047E701C98}
		{2B0F3475-0D2D-41A8-8E0D-D3489820390E} = {D69A9034-FCCB-4ED8-9C85-7AE3FE3F731D}
		{9021475D-FC29-4C6E-9E0E-BF89BB65535C} = {CF4AC606-C7D5-499F-90AF-8A5F81808304}
	EndGlobalSection
	GlobalSection(ExtensibilityGlobals) = postSolution
		SolutionGuid = {AA4B33FD-28E1-4249-8055-D8BFA1922C09}
	EndGlobalSection
EndGlobal
